// !$*UTF8*$!
{
	archiveVersion = 1;
	classes = {
	};
	objectVersion = 77;
	objects = {

/* Begin PBXBuildFile section */
		0859A1610A6D3612EB95F2A3 /* URLCommandHandlerTests.swift in Sources */ = {isa = PBXBuildFile; fileRef = 7656BFC277475F04C1AFEBC0 /* URLCommandHandlerTests.swift */; };
		2688A89A8656189F7556D48F /* SettingsView.swift in Sources */ = {isa = PBXBuildFile; fileRef = 3935BCDC67EB0B9FE7F24024 /* SettingsView.swift */; };
		36EF01D2EFF9ECC1F3A701F0 /* AppInfo.swift in Sources */ = {isa = PBXBuildFile; fileRef = 8E9B51D3FABA907A2EDF9BDF /* AppInfo.swift */; };
		47DDCC23706FFDDCE00502E5 /* SessionControllerTests.swift in Sources */ = {isa = PBXBuildFile; fileRef = 73FB80970D2A4F42A53164E1 /* SessionControllerTests.swift */; };
		4B9596C847EF9AE8112F11D5 /* HotKeyService.swift in Sources */ = {isa = PBXBuildFile; fileRef = 0E3DD6D636B501B063FE642B /* HotKeyService.swift */; };
		4C1778D768FA1DB90DE0AD5D /* AppDelegate.swift in Sources */ = {isa = PBXBuildFile; fileRef = C773736668ECDCAB3B685613 /* AppDelegate.swift */; };
		4CAA8FBD7DE5556FAE303617 /* MenuBuilder.swift in Sources */ = {isa = PBXBuildFile; fileRef = A7EB0417DBEA5FD5C3C8D4E1 /* MenuBuilder.swift */; };
		58059DFFAC67D3C2BDFCA3B2 /* YouCannotSleep.sdef in Resources */ = {isa = PBXBuildFile; fileRef = E982F6B4D503A74FDAC3D9AB /* YouCannotSleep.sdef */; };
		5C39F05DFAE1BB462EF9A900 /* InfoPlist.strings in Resources */ = {isa = PBXBuildFile; fileRef = 23600B9D02009CD88DA14F45 /* InfoPlist.strings */; };
		64F54AEB7498A251A6939C69 /* AppRuntime.swift in Sources */ = {isa = PBXBuildFile; fileRef = 4E0BC4A8B817CD6459056AD7 /* AppRuntime.swift */; };
		6747ACB68E181BFDB5A44A20 /* MenuBarPanelView.swift in Sources */ = {isa = PBXBuildFile; fileRef = ADAC6649C292A09243C2EDA9 /* MenuBarPanelView.swift */; };
		6EC0C0C9C453D44EE5E5A514 /* CustomDurationView.swift in Sources */ = {isa = PBXBuildFile; fileRef = E92112B579EADA8281D2AFC0 /* CustomDurationView.swift */; };
		712847FD87110C8BCC7AD869 /* LoginItemService.swift in Sources */ = {isa = PBXBuildFile; fileRef = 3783523CA95C09B97CC9E0F8 /* LoginItemService.swift */; };
		7431EB3890EDB045A8CB06E2 /* AppShortcuts.strings in Resources */ = {isa = PBXBuildFile; fileRef = BF57D4145EBED6BF0236DAC7 /* AppShortcuts.strings */; };
		7E691C1C3CDD5E13EEC36FBE /* WelcomeView.swift in Sources */ = {isa = PBXBuildFile; fileRef = B8519CE00470BDEE2DBE6ED8 /* WelcomeView.swift */; };
		7F326274C9C3D8A6CE072603 /* Localizable.xcstrings in Resources */ = {isa = PBXBuildFile; fileRef = 5295703E0AA9A66BE1AAA32C /* Localizable.xcstrings */; };
		82045426D13BA5EC2325449D /* Settings.swift in Sources */ = {isa = PBXBuildFile; fileRef = A1CAC31626C1FA68EEBBB1D0 /* Settings.swift */; };
		82BCE481A92853C7DA4BA3A8 /* Duration.swift in Sources */ = {isa = PBXBuildFile; fileRef = ABE782C6C67F6873E23BD0E8 /* Duration.swift */; };
		85F31FBDF839D42AAEDD404E /* YouCannotSleepIntents.swift in Sources */ = {isa = PBXBuildFile; fileRef = F50FCD036B0D7EB2570E1858 /* YouCannotSleepIntents.swift */; };
		898B0E42B6F7A5DD235B8489 /* URLCommandHandler.swift in Sources */ = {isa = PBXBuildFile; fileRef = DA0896D2CB1134BA43A521E8 /* URLCommandHandler.swift */; };
		9CD855DC70433635CE4B4175 /* AppleScriptCommands.swift in Sources */ = {isa = PBXBuildFile; fileRef = B7A346239B0721E42CC9F8A3 /* AppleScriptCommands.swift */; };
		9EAE2E62BF66C1132B85C2F5 /* PowerSourceMonitor.swift in Sources */ = {isa = PBXBuildFile; fileRef = 0CC59083CFB91B808C3F99A3 /* PowerSourceMonitor.swift */; };
		A197A14C6D92051B064C58A2 /* AboutView.swift in Sources */ = {isa = PBXBuildFile; fileRef = F03C5ED9A02805AE9C9B9AD3 /* AboutView.swift */; };
		ABF07AF4CA387864991218AF /* DurationTests.swift in Sources */ = {isa = PBXBuildFile; fileRef = 791EF1473232238F98E9D781 /* DurationTests.swift */; };
		B68A97C8CC0535A7DD4E1A4B /* Assets.xcassets in Resources */ = {isa = PBXBuildFile; fileRef = AFAB8FB6FEFF88E047D4173A /* Assets.xcassets */; };
		B7760686BFF3947C43BB9E35 /* PowerAssertionService.swift in Sources */ = {isa = PBXBuildFile; fileRef = FBCBEBAF970C54E4AFF2F3ED /* PowerAssertionService.swift */; };
		BC4C0A461C2F32EADE3F6CB6 /* Clock.swift in Sources */ = {isa = PBXBuildFile; fileRef = 99AC43C55C162DC27BABA0C3 /* Clock.swift */; };
		BE0D1F44A5AC41144225EEB7 /* YouCannotSleepApp.swift in Sources */ = {isa = PBXBuildFile; fileRef = C3DF7D68F3D82943460BDAAE /* YouCannotSleepApp.swift */; };
		BF12A3ECFEFA7DF2BFAD51CE /* HotKeyRecorderView.swift in Sources */ = {isa = PBXBuildFile; fileRef = 6BA5A6D66637B48A2C240DD6 /* HotKeyRecorderView.swift */; };
		C3F5978D61DA3C52FAA1FFED /* WindowManager.swift in Sources */ = {isa = PBXBuildFile; fileRef = CAEE7074869AF898142A0A86 /* WindowManager.swift */; };
		D107857A454A89C8DD1B65BB /* BeaconMenuIcon.swift in Sources */ = {isa = PBXBuildFile; fileRef = A574798AEC48CFBA5C71570D /* BeaconMenuIcon.swift */; };
		F2F0622B6454E6D4BBC9E6C1 /* SessionController.swift in Sources */ = {isa = PBXBuildFile; fileRef = 1EA9808BA503FABD07CC33CC /* SessionController.swift */; };
		F485BEBA2986758AB39F50D5 /* StatusItemController.swift in Sources */ = {isa = PBXBuildFile; fileRef = 3D607764E77E785A1184699E /* StatusItemController.swift */; };
		FB6DD7C0B38D72F1D22E12E5 /* SystemEventsMonitor.swift in Sources */ = {isa = PBXBuildFile; fileRef = C756568C8F8AA55EECA14DA2 /* SystemEventsMonitor.swift */; };
		FCB7C444C131EFDA0DECFCF8 /* NotificationService.swift in Sources */ = {isa = PBXBuildFile; fileRef = DE247648E1F131AFD1D1DD28 /* NotificationService.swift */; };
/* End PBXBuildFile section */

/* Begin PBXContainerItemProxy section */
		D3F2D88DC8BDC24EC9DF581A /* PBXContainerItemProxy */ = {
			isa = PBXContainerItemProxy;
			containerPortal = 235BE93F8AE110A4D6AA98F2 /* Project object */;
			proxyType = 1;
			remoteGlobalIDString = C45E0FAF7695F95159F4A25A;
			remoteInfo = YouCannotSleep;
		};
/* End PBXContainerItemProxy section */

/* Begin PBXFileReference section */
		0CC59083CFB91B808C3F99A3 /* PowerSourceMonitor.swift */ = {isa = PBXFileReference; lastKnownFileType = sourcecode.swift; path = PowerSourceMonitor.swift; sourceTree = "<group>"; };
		0E3DD6D636B501B063FE642B /* HotKeyService.swift */ = {isa = PBXFileReference; lastKnownFileType = sourcecode.swift; path = HotKeyService.swift; sourceTree = "<group>"; };
		1EA9808BA503FABD07CC33CC /* SessionController.swift */ = {isa = PBXFileReference; lastKnownFileType = sourcecode.swift; path = SessionController.swift; sourceTree = "<group>"; };
		23600B9D02009CD88DA14F45 /* InfoPlist.strings */ = {isa = PBXFileReference; lastKnownFileType = text.plist.strings; name = InfoPlist.strings; path = vi.lproj/InfoPlist.strings; sourceTree = "<group>"; };
		2657299F21E9091E0431682E /* YouCannotSleep.app */ = {isa = PBXFileReference; explicitFileType = wrapper.application; includeInIndex = 0; path = YouCannotSleep.app; sourceTree = BUILT_PRODUCTS_DIR; };
		3783523CA95C09B97CC9E0F8 /* LoginItemService.swift */ = {isa = PBXFileReference; lastKnownFileType = sourcecode.swift; path = LoginItemService.swift; sourceTree = "<group>"; };
		3935BCDC67EB0B9FE7F24024 /* SettingsView.swift */ = {isa = PBXFileReference; lastKnownFileType = sourcecode.swift; path = SettingsView.swift; sourceTree = "<group>"; };
		3D607764E77E785A1184699E /* StatusItemController.swift */ = {isa = PBXFileReference; lastKnownFileType = sourcecode.swift; path = StatusItemController.swift; sourceTree = "<group>"; };
		4E0BC4A8B817CD6459056AD7 /* AppRuntime.swift */ = {isa = PBXFileReference; lastKnownFileType = sourcecode.swift; path = AppRuntime.swift; sourceTree = "<group>"; };
		5295703E0AA9A66BE1AAA32C /* Localizable.xcstrings */ = {isa = PBXFileReference; lastKnownFileType = text.json.xcstrings; path = Localizable.xcstrings; sourceTree = "<group>"; };
		6BA5A6D66637B48A2C240DD6 /* HotKeyRecorderView.swift */ = {isa = PBXFileReference; lastKnownFileType = sourcecode.swift; path = HotKeyRecorderView.swift; sourceTree = "<group>"; };
		73FB80970D2A4F42A53164E1 /* SessionControllerTests.swift */ = {isa = PBXFileReference; lastKnownFileType = sourcecode.swift; path = SessionControllerTests.swift; sourceTree = "<group>"; };
		7656BFC277475F04C1AFEBC0 /* URLCommandHandlerTests.swift */ = {isa = PBXFileReference; lastKnownFileType = sourcecode.swift; path = URLCommandHandlerTests.swift; sourceTree = "<group>"; };
		791EF1473232238F98E9D781 /* DurationTests.swift */ = {isa = PBXFileReference; lastKnownFileType = sourcecode.swift; path = DurationTests.swift; sourceTree = "<group>"; };
		80975149A78055679F01A4D0 /* YouCannotSleepTests.xctest */ = {isa = PBXFileReference; explicitFileType = wrapper.cfbundle; includeInIndex = 0; path = YouCannotSleepTests.xctest; sourceTree = BUILT_PRODUCTS_DIR; };
		8E9B51D3FABA907A2EDF9BDF /* AppInfo.swift */ = {isa = PBXFileReference; lastKnownFileType = sourcecode.swift; path = AppInfo.swift; sourceTree = "<group>"; };
		99AC43C55C162DC27BABA0C3 /* Clock.swift */ = {isa = PBXFileReference; lastKnownFileType = sourcecode.swift; path = Clock.swift; sourceTree = "<group>"; };
		A1CAC31626C1FA68EEBBB1D0 /* Settings.swift */ = {isa = PBXFileReference; lastKnownFileType = sourcecode.swift; path = Settings.swift; sourceTree = "<group>"; };
		A574798AEC48CFBA5C71570D /* BeaconMenuIcon.swift */ = {isa = PBXFileReference; lastKnownFileType = sourcecode.swift; path = BeaconMenuIcon.swift; sourceTree = "<group>"; };
		A7EB0417DBEA5FD5C3C8D4E1 /* MenuBuilder.swift */ = {isa = PBXFileReference; lastKnownFileType = sourcecode.swift; path = MenuBuilder.swift; sourceTree = "<group>"; };
		ABE782C6C67F6873E23BD0E8 /* Duration.swift */ = {isa = PBXFileReference; lastKnownFileType = sourcecode.swift; path = Duration.swift; sourceTree = "<group>"; };
		ADAC6649C292A09243C2EDA9 /* MenuBarPanelView.swift */ = {isa = PBXFileReference; lastKnownFileType = sourcecode.swift; path = MenuBarPanelView.swift; sourceTree = "<group>"; };
		AFAB8FB6FEFF88E047D4173A /* Assets.xcassets */ = {isa = PBXFileReference; lastKnownFileType = folder.assetcatalog; path = Assets.xcassets; sourceTree = "<group>"; };
		B7A346239B0721E42CC9F8A3 /* AppleScriptCommands.swift */ = {isa = PBXFileReference; lastKnownFileType = sourcecode.swift; path = AppleScriptCommands.swift; sourceTree = "<group>"; };
		B8519CE00470BDEE2DBE6ED8 /* WelcomeView.swift */ = {isa = PBXFileReference; lastKnownFileType = sourcecode.swift; path = WelcomeView.swift; sourceTree = "<group>"; };
		BF57D4145EBED6BF0236DAC7 /* AppShortcuts.strings */ = {isa = PBXFileReference; lastKnownFileType = text.plist.strings; name = AppShortcuts.strings; path = vi.lproj/AppShortcuts.strings; sourceTree = "<group>"; };
		C3DF7D68F3D82943460BDAAE /* YouCannotSleepApp.swift */ = {isa = PBXFileReference; lastKnownFileType = sourcecode.swift; path = YouCannotSleepApp.swift; sourceTree = "<group>"; };
		C756568C8F8AA55EECA14DA2 /* SystemEventsMonitor.swift */ = {isa = PBXFileReference; lastKnownFileType = sourcecode.swift; path = SystemEventsMonitor.swift; sourceTree = "<group>"; };
		C773736668ECDCAB3B685613 /* AppDelegate.swift */ = {isa = PBXFileReference; lastKnownFileType = sourcecode.swift; path = AppDelegate.swift; sourceTree = "<group>"; };
		CAEE7074869AF898142A0A86 /* WindowManager.swift */ = {isa = PBXFileReference; lastKnownFileType = sourcecode.swift; path = WindowManager.swift; sourceTree = "<group>"; };
		DA0896D2CB1134BA43A521E8 /* URLCommandHandler.swift */ = {isa = PBXFileReference; lastKnownFileType = sourcecode.swift; path = URLCommandHandler.swift; sourceTree = "<group>"; };
		DE247648E1F131AFD1D1DD28 /* NotificationService.swift */ = {isa = PBXFileReference; lastKnownFileType = sourcecode.swift; path = NotificationService.swift; sourceTree = "<group>"; };
		E286D6991576F760B5F095E0 /* YouCannotSleep.entitlements */ = {isa = PBXFileReference; lastKnownFileType = text.plist.entitlements; path = YouCannotSleep.entitlements; sourceTree = "<group>"; };
		E4C989CED1F2A210AE58496A /* Info.plist */ = {isa = PBXFileReference; lastKnownFileType = text.plist; path = Info.plist; sourceTree = "<group>"; };
		E92112B579EADA8281D2AFC0 /* CustomDurationView.swift */ = {isa = PBXFileReference; lastKnownFileType = sourcecode.swift; path = CustomDurationView.swift; sourceTree = "<group>"; };
		E982F6B4D503A74FDAC3D9AB /* YouCannotSleep.sdef */ = {isa = PBXFileReference; path = YouCannotSleep.sdef; sourceTree = "<group>"; };
		F03C5ED9A02805AE9C9B9AD3 /* AboutView.swift */ = {isa = PBXFileReference; lastKnownFileType = sourcecode.swift; path = AboutView.swift; sourceTree = "<group>"; };
		F50FCD036B0D7EB2570E1858 /* YouCannotSleepIntents.swift */ = {isa = PBXFileReference; lastKnownFileType = sourcecode.swift; path = YouCannotSleepIntents.swift; sourceTree = "<group>"; };
		FBCBEBAF970C54E4AFF2F3ED /* PowerAssertionService.swift */ = {isa = PBXFileReference; lastKnownFileType = sourcecode.swift; path = PowerAssertionService.swift; sourceTree = "<group>"; };
/* End PBXFileReference section */

/* Begin PBXGroup section */
		15FC02631EA63FCA6F297660 /* YouCannotSleep */ = {
			isa = PBXGroup;
			children = (
				81988A77F79DE6E015D6CFBF /* App */,
				DC52DF4F8E01A8AAC05ECC1E /* Automation */,
				33558DB26A9C371B905512BF /* Core */,
				8755B9658E331C6A2219D08A /* MenuBar */,
				C6C52EB4CD833316710AF037 /* Resources */,
				A3A62CA01395B418EE99F000 /* Services */,
				3B3030DFC866991F8F5945A5 /* Windows */,
			);
			path = YouCannotSleep;
			sourceTree = "<group>";
		};
		33558DB26A9C371B905512BF /* Core */ = {
			isa = PBXGroup;
			children = (
				99AC43C55C162DC27BABA0C3 /* Clock.swift */,
				ABE782C6C67F6873E23BD0E8 /* Duration.swift */,
				1EA9808BA503FABD07CC33CC /* SessionController.swift */,
				A1CAC31626C1FA68EEBBB1D0 /* Settings.swift */,
				DA0896D2CB1134BA43A521E8 /* URLCommandHandler.swift */,
			);
			path = Core;
			sourceTree = "<group>";
		};
		3B3030DFC866991F8F5945A5 /* Windows */ = {
			isa = PBXGroup;
			children = (
				F03C5ED9A02805AE9C9B9AD3 /* AboutView.swift */,
				E92112B579EADA8281D2AFC0 /* CustomDurationView.swift */,
				6BA5A6D66637B48A2C240DD6 /* HotKeyRecorderView.swift */,
				3935BCDC67EB0B9FE7F24024 /* SettingsView.swift */,
				B8519CE00470BDEE2DBE6ED8 /* WelcomeView.swift */,
				CAEE7074869AF898142A0A86 /* WindowManager.swift */,
			);
			path = Windows;
			sourceTree = "<group>";
		};
		81988A77F79DE6E015D6CFBF /* App */ = {
			isa = PBXGroup;
			children = (
				C773736668ECDCAB3B685613 /* AppDelegate.swift */,
				8E9B51D3FABA907A2EDF9BDF /* AppInfo.swift */,
				4E0BC4A8B817CD6459056AD7 /* AppRuntime.swift */,
				C3DF7D68F3D82943460BDAAE /* YouCannotSleepApp.swift */,
			);
			path = App;
			sourceTree = "<group>";
		};
		8755B9658E331C6A2219D08A /* MenuBar */ = {
			isa = PBXGroup;
			children = (
				A574798AEC48CFBA5C71570D /* BeaconMenuIcon.swift */,
				ADAC6649C292A09243C2EDA9 /* MenuBarPanelView.swift */,
				A7EB0417DBEA5FD5C3C8D4E1 /* MenuBuilder.swift */,
				3D607764E77E785A1184699E /* StatusItemController.swift */,
			);
			path = MenuBar;
			sourceTree = "<group>";
		};
		8DA6342F316B0BA2F5698C1C = {
			isa = PBXGroup;
			children = (
				15FC02631EA63FCA6F297660 /* YouCannotSleep */,
				EDD546A59E9AACBB165A9040 /* YouCannotSleepTests */,
				E88E33CB616A999E9B6FC635 /* Products */,
			);
			sourceTree = "<group>";
		};
		A3A62CA01395B418EE99F000 /* Services */ = {
			isa = PBXGroup;
			children = (
				0E3DD6D636B501B063FE642B /* HotKeyService.swift */,
				3783523CA95C09B97CC9E0F8 /* LoginItemService.swift */,
				DE247648E1F131AFD1D1DD28 /* NotificationService.swift */,
				FBCBEBAF970C54E4AFF2F3ED /* PowerAssertionService.swift */,
				0CC59083CFB91B808C3F99A3 /* PowerSourceMonitor.swift */,
				C756568C8F8AA55EECA14DA2 /* SystemEventsMonitor.swift */,
			);
			path = Services;
			sourceTree = "<group>";
		};
		C6C52EB4CD833316710AF037 /* Resources */ = {
			isa = PBXGroup;
			children = (
				BF57D4145EBED6BF0236DAC7 /* AppShortcuts.strings */,
				AFAB8FB6FEFF88E047D4173A /* Assets.xcassets */,
				E4C989CED1F2A210AE58496A /* Info.plist */,
				23600B9D02009CD88DA14F45 /* InfoPlist.strings */,
				5295703E0AA9A66BE1AAA32C /* Localizable.xcstrings */,
				E286D6991576F760B5F095E0 /* YouCannotSleep.entitlements */,
			);
			path = Resources;
			sourceTree = "<group>";
		};
		DC52DF4F8E01A8AAC05ECC1E /* Automation */ = {
			isa = PBXGroup;
			children = (
				B7A346239B0721E42CC9F8A3 /* AppleScriptCommands.swift */,
				E982F6B4D503A74FDAC3D9AB /* YouCannotSleep.sdef */,
				F50FCD036B0D7EB2570E1858 /* YouCannotSleepIntents.swift */,
			);
			path = Automation;
			sourceTree = "<group>";
		};
		E88E33CB616A999E9B6FC635 /* Products */ = {
			isa = PBXGroup;
			children = (
				2657299F21E9091E0431682E /* YouCannotSleep.app */,
				80975149A78055679F01A4D0 /* YouCannotSleepTests.xctest */,
			);
			name = Products;
			sourceTree = "<group>";
		};
		EDD546A59E9AACBB165A9040 /* YouCannotSleepTests */ = {
			isa = PBXGroup;
			children = (
				791EF1473232238F98E9D781 /* DurationTests.swift */,
				73FB80970D2A4F42A53164E1 /* SessionControllerTests.swift */,
				7656BFC277475F04C1AFEBC0 /* URLCommandHandlerTests.swift */,
			);
			path = YouCannotSleepTests;
			sourceTree = "<group>";
		};
/* End PBXGroup section */

/* Begin PBXNativeTarget section */
		8B4009AFA3A8304A4DDF790A /* YouCannotSleepTests */ = {
			isa = PBXNativeTarget;
			buildConfigurationList = A43689B88363D0D81561E491 /* Build configuration list for PBXNativeTarget "YouCannotSleepTests" */;
			buildPhases = (
				327A3119B8722C94C7686116 /* Sources */,
			);
			buildRules = (
			);
			dependencies = (
				372EBC6537C5D4B1980C64E2 /* PBXTargetDependency */,
			);
			name = YouCannotSleepTests;
			packageProductDependencies = (
			);
			productName = YouCannotSleepTests;
			productReference = 80975149A78055679F01A4D0 /* YouCannotSleepTests.xctest */;
			productType = "com.apple.product-type.bundle.unit-test";
		};
		C45E0FAF7695F95159F4A25A /* YouCannotSleep */ = {
			isa = PBXNativeTarget;
			buildConfigurationList = 98A54C91EC19798D4956ED56 /* Build configuration list for PBXNativeTarget "YouCannotSleep" */;
			buildPhases = (
				11EE87C9CC4D46416E24BC56 /* Sources */,
				39817B32138022679AA3439B /* Resources */,
			);
			buildRules = (
			);
			dependencies = (
			);
			name = YouCannotSleep;
			packageProductDependencies = (
			);
			productName = YouCannotSleep;
			productReference = 2657299F21E9091E0431682E /* YouCannotSleep.app */;
			productType = "com.apple.product-type.application";
		};
/* End PBXNativeTarget section */

/* Begin PBXProject section */
		235BE93F8AE110A4D6AA98F2 /* Project object */ = {
			isa = PBXProject;
			attributes = {
				BuildIndependentTargetsInParallel = YES;
				LastUpgradeCheck = 1430;
				TargetAttributes = {
					C45E0FAF7695F95159F4A25A = {
						ProvisioningStyle = Automatic;
					};
				};
			};
			buildConfigurationList = 8333EA3742102FF0EAB1C943 /* Build configuration list for PBXProject "YouCannotSleep" */;
			developmentRegion = en;
			hasScannedForEncodings = 0;
			knownRegions = (
				Base,
				en,
				vi,
			);
			mainGroup = 8DA6342F316B0BA2F5698C1C;
			minimizedProjectReferenceProxies = 1;
			preferredProjectObjectVersion = 77;
			productRefGroup = E88E33CB616A999E9B6FC635 /* Products */;
			projectDirPath = "";
			projectRoot = "";
			targets = (
				C45E0FAF7695F95159F4A25A /* YouCannotSleep */,
				8B4009AFA3A8304A4DDF790A /* YouCannotSleepTests */,
			);
		};
/* End PBXProject section */

/* Begin PBXResourcesBuildPhase section */
		39817B32138022679AA3439B /* Resources */ = {
			isa = PBXResourcesBuildPhase;
			buildActionMask = 2147483647;
			files = (
				7431EB3890EDB045A8CB06E2 /* AppShortcuts.strings in Resources */,
				B68A97C8CC0535A7DD4E1A4B /* Assets.xcassets in Resources */,
				5C39F05DFAE1BB462EF9A900 /* InfoPlist.strings in Resources */,
				7F326274C9C3D8A6CE072603 /* Localizable.xcstrings in Resources */,
				58059DFFAC67D3C2BDFCA3B2 /* YouCannotSleep.sdef in Resources */,
			);
			runOnlyForDeploymentPostprocessing = 0;
		};
/* End PBXResourcesBuildPhase section */

/* Begin PBXSourcesBuildPhase section */
		11EE87C9CC4D46416E24BC56 /* Sources */ = {
			isa = PBXSourcesBuildPhase;
			buildActionMask = 2147483647;
			files = (
				A197A14C6D92051B064C58A2 /* AboutView.swift in Sources */,
				4C1778D768FA1DB90DE0AD5D /* AppDelegate.swift in Sources */,
				36EF01D2EFF9ECC1F3A701F0 /* AppInfo.swift in Sources */,
				64F54AEB7498A251A6939C69 /* AppRuntime.swift in Sources */,
				9CD855DC70433635CE4B4175 /* AppleScriptCommands.swift in Sources */,
				D107857A454A89C8DD1B65BB /* BeaconMenuIcon.swift in Sources */,
				BC4C0A461C2F32EADE3F6CB6 /* Clock.swift in Sources */,
				6EC0C0C9C453D44EE5E5A514 /* CustomDurationView.swift in Sources */,
				82BCE481A92853C7DA4BA3A8 /* Duration.swift in Sources */,
				BF12A3ECFEFA7DF2BFAD51CE /* HotKeyRecorderView.swift in Sources */,
				4B9596C847EF9AE8112F11D5 /* HotKeyService.swift in Sources */,
				712847FD87110C8BCC7AD869 /* LoginItemService.swift in Sources */,
				6747ACB68E181BFDB5A44A20 /* MenuBarPanelView.swift in Sources */,
				4CAA8FBD7DE5556FAE303617 /* MenuBuilder.swift in Sources */,
				FCB7C444C131EFDA0DECFCF8 /* NotificationService.swift in Sources */,
				B7760686BFF3947C43BB9E35 /* PowerAssertionService.swift in Sources */,
				9EAE2E62BF66C1132B85C2F5 /* PowerSourceMonitor.swift in Sources */,
				F2F0622B6454E6D4BBC9E6C1 /* SessionController.swift in Sources */,
				82045426D13BA5EC2325449D /* Settings.swift in Sources */,
				2688A89A8656189F7556D48F /* SettingsView.swift in Sources */,
				F485BEBA2986758AB39F50D5 /* StatusItemController.swift in Sources */,
				FB6DD7C0B38D72F1D22E12E5 /* SystemEventsMonitor.swift in Sources */,
				898B0E42B6F7A5DD235B8489 /* URLCommandHandler.swift in Sources */,
				7E691C1C3CDD5E13EEC36FBE /* WelcomeView.swift in Sources */,
				C3F5978D61DA3C52FAA1FFED /* WindowManager.swift in Sources */,
				BE0D1F44A5AC41144225EEB7 /* YouCannotSleepApp.swift in Sources */,
				85F31FBDF839D42AAEDD404E /* YouCannotSleepIntents.swift in Sources */,
			);
			runOnlyForDeploymentPostprocessing = 0;
		};
		327A3119B8722C94C7686116 /* Sources */ = {
			isa = PBXSourcesBuildPhase;
			buildActionMask = 2147483647;
			files = (
				ABF07AF4CA387864991218AF /* DurationTests.swift in Sources */,
				47DDCC23706FFDDCE00502E5 /* SessionControllerTests.swift in Sources */,
				0859A1610A6D3612EB95F2A3 /* URLCommandHandlerTests.swift in Sources */,
			);
			runOnlyForDeploymentPostprocessing = 0;
		};
/* End PBXSourcesBuildPhase section */

/* Begin PBXTargetDependency section */
		372EBC6537C5D4B1980C64E2 /* PBXTargetDependency */ = {
			isa = PBXTargetDependency;
			target = C45E0FAF7695F95159F4A25A /* YouCannotSleep */;
			targetProxy = D3F2D88DC8BDC24EC9DF581A /* PBXContainerItemProxy */;
		};
/* End PBXTargetDependency section */

/* Begin XCBuildConfiguration section */
		59E73CE8A3ED03B295BDB3BF /* Release */ = {
			isa = XCBuildConfiguration;
			buildSettings = {
				ALWAYS_SEARCH_USER_PATHS = NO;
				CLANG_ANALYZER_NONNULL = YES;
				CLANG_ANALYZER_NUMBER_OBJECT_CONVERSION = YES_AGGRESSIVE;
				CLANG_CXX_LANGUAGE_STANDARD = "gnu++14";
				CLANG_CXX_LIBRARY = "libc++";
				CLANG_ENABLE_MODULES = YES;
				CLANG_ENABLE_OBJC_ARC = YES;
				CLANG_ENABLE_OBJC_WEAK = YES;
				CLANG_WARN_BLOCK_CAPTURE_AUTORELEASING = YES;
				CLANG_WARN_BOOL_CONVERSION = YES;
				CLANG_WARN_COMMA = YES;
				CLANG_WARN_CONSTANT_CONVERSION = YES;
				CLANG_WARN_DEPRECATED_OBJC_IMPLEMENTATIONS = YES;
				CLANG_WARN_DIRECT_OBJC_ISA_USAGE = YES_ERROR;
				CLANG_WARN_DOCUMENTATION_COMMENTS = YES;
				CLANG_WARN_EMPTY_BODY = YES;
				CLANG_WARN_ENUM_CONVERSION = YES;
				CLANG_WARN_INFINITE_RECURSION = YES;
				CLANG_WARN_INT_CONVERSION = YES;
				CLANG_WARN_NON_LITERAL_NULL_CONVERSION = YES;
				CLANG_WARN_OBJC_IMPLICIT_RETAIN_SELF = YES;
				CLANG_WARN_OBJC_LITERAL_CONVERSION = YES;
				CLANG_WARN_OBJC_ROOT_CLASS = YES_ERROR;
				CLANG_WARN_QUOTED_INCLUDE_IN_FRAMEWORK_HEADER = YES;
				CLANG_WARN_RANGE_LOOP_ANALYSIS = YES;
				CLANG_WARN_STRICT_PROTOTYPES = YES;
				CLANG_WARN_SUSPICIOUS_MOVE = YES;
				CLANG_WARN_UNGUARDED_AVAILABILITY = YES_AGGRESSIVE;
				CLANG_WARN_UNREACHABLE_CODE = YES;
				CLANG_WARN__DUPLICATE_METHOD_MATCH = YES;
				CODE_SIGN_ENTITLEMENTS = YouCannotSleep/Resources/YouCannotSleep.entitlements;
				CODE_SIGN_INJECT_BASE_ENTITLEMENTS = NO;
				COPY_PHASE_STRIP = NO;
				DEBUG_INFORMATION_FORMAT = "dwarf-with-dsym";
				ENABLE_APP_SANDBOX = YES;
				ENABLE_HARDENED_RUNTIME = YES;
				ENABLE_NS_ASSERTIONS = NO;
				ENABLE_RESOURCE_ACCESS_AUDIO_INPUT = NO;
				ENABLE_RESOURCE_ACCESS_CAMERA = NO;
				ENABLE_RESOURCE_ACCESS_CONTACTS = NO;
				ENABLE_RESOURCE_ACCESS_LOCATION = NO;
				ENABLE_RESOURCE_ACCESS_PHOTO_LIBRARY = NO;
				ENABLE_RESOURCE_ACCESS_PRINTING = NO;
				ENABLE_RESOURCE_ACCESS_USB = NO;
				ENABLE_STRICT_OBJC_MSGSEND = YES;
				GCC_C_LANGUAGE_STANDARD = gnu11;
				GCC_NO_COMMON_BLOCKS = YES;
				GCC_WARN_64_TO_32_BIT_CONVERSION = YES;
				GCC_WARN_ABOUT_RETURN_TYPE = YES_ERROR;
				GCC_WARN_UNDECLARED_SELECTOR = YES;
				GCC_WARN_UNINITIALIZED_AUTOS = YES_AGGRESSIVE;
				GCC_WARN_UNUSED_FUNCTION = YES;
				GCC_WARN_UNUSED_VARIABLE = YES;
				GENERATE_INFOPLIST_FILE = YES;
				INFOPLIST_KEY_CFBundleDisplayName = "You Cannot Sleep";
				INFOPLIST_KEY_CFBundleShortVersionString = 1.0.3;
				INFOPLIST_KEY_LSUIElement = YES;
				INFOPLIST_KEY_NSHumanReadableCopyright = "Copyright © 2026 You Cannot Sleep contributors";
				MACOSX_DEPLOYMENT_TARGET = 13.0;
				MTL_ENABLE_DEBUG_INFO = NO;
				MTL_FAST_MATH = YES;
				PRODUCT_BUNDLE_IDENTIFIER = io.github.macfreeapps.YouCannotSleep;
				PRODUCT_NAME = "You Cannot Sleep";
				SDKROOT = macosx;
				SWIFT_COMPILATION_MODE = wholemodule;
				SWIFT_EMIT_LOC_STRINGS = YES;
				SWIFT_OPTIMIZATION_LEVEL = "-O";
				SWIFT_STRICT_CONCURRENCY = complete;
				SWIFT_VERSION = 5.0;
			};
			name = Release;
		};
		60510CF73A08146F784EEC5A /* Release */ = {
			isa = XCBuildConfiguration;
			buildSettings = {
				BUNDLE_LOADER = "$(TEST_HOST)";
				COMBINE_HIDPI_IMAGES = YES;
				GENERATE_INFOPLIST_FILE = YES;
				LD_RUNPATH_SEARCH_PATHS = (
					"$(inherited)",
					"@executable_path/../Frameworks",
					"@loader_path/../Frameworks",
				);
				MACOSX_DEPLOYMENT_TARGET = 14.0;
				PRODUCT_BUNDLE_IDENTIFIER = io.github.macfreeapps.YouCannotSleepTests;
				PRODUCT_MODULE_NAME = YouCannotSleepTests;
				PRODUCT_NAME = YouCannotSleepTests;
				SDKROOT = macosx;
				TEST_HOST = "$(BUILT_PRODUCTS_DIR)/You Cannot Sleep.app/Contents/MacOS/You Cannot Sleep";
			};
			name = Release;
		};
		6922E28676FD4633599A6D91 /* Debug */ = {
			isa = XCBuildConfiguration;
			buildSettings = {
				ASSETCATALOG_COMPILER_APPICON_NAME = AppIcon;
				CODE_SIGN_STYLE = Automatic;
				COMBINE_HIDPI_IMAGES = YES;
				CURRENT_PROJECT_VERSION = 4;
				INFOPLIST_FILE = YouCannotSleep/Resources/Info.plist;
				LD_RUNPATH_SEARCH_PATHS = (
					"$(inherited)",
					"@executable_path/../Frameworks",
				);
				MARKETING_VERSION = 1.0.3;
				PRODUCT_MODULE_NAME = YouCannotSleep;
				SDKROOT = macosx;
				SWIFT_VERSION = 5.0;
			};
			name = Debug;
		};
		7B39C610C8B5AF9A392E73DD /* Release */ = {
			isa = XCBuildConfiguration;
			buildSettings = {
				ASSETCATALOG_COMPILER_APPICON_NAME = AppIcon;
				CODE_SIGN_STYLE = Automatic;
				COMBINE_HIDPI_IMAGES = YES;
				CURRENT_PROJECT_VERSION = 4;
				INFOPLIST_FILE = YouCannotSleep/Resources/Info.plist;
				LD_RUNPATH_SEARCH_PATHS = (
					"$(inherited)",
					"@executable_path/../Frameworks",
				);
				MARKETING_VERSION = 1.0.3;
				PRODUCT_MODULE_NAME = YouCannotSleep;
				SDKROOT = macosx;
				SWIFT_VERSION = 5.0;
			};
			name = Release;
		};
		8F9C4B1A48F24CCBAB2A86E2 /* Debug */ = {
			isa = XCBuildConfiguration;
			buildSettings = {
				BUNDLE_LOADER = "$(TEST_HOST)";
				COMBINE_HIDPI_IMAGES = YES;
				GENERATE_INFOPLIST_FILE = YES;
				LD_RUNPATH_SEARCH_PATHS = (
					"$(inherited)",
					"@executable_path/../Frameworks",
					"@loader_path/../Frameworks",
				);
				MACOSX_DEPLOYMENT_TARGET = 14.0;
				PRODUCT_BUNDLE_IDENTIFIER = io.github.macfreeapps.YouCannotSleepTests;
				PRODUCT_MODULE_NAME = YouCannotSleepTests;
				PRODUCT_NAME = YouCannotSleepTests;
				SDKROOT = macosx;
				TEST_HOST = "$(BUILT_PRODUCTS_DIR)/You Cannot Sleep.app/Contents/MacOS/You Cannot Sleep";
			};
			name = Debug;
		};
		BDF8966B5BD674695BDC71F2 /* Debug */ = {
			isa = XCBuildConfiguration;
			buildSettings = {
				ALWAYS_SEARCH_USER_PATHS = NO;
				CLANG_ANALYZER_NONNULL = YES;
				CLANG_ANALYZER_NUMBER_OBJECT_CONVERSION = YES_AGGRESSIVE;
				CLANG_CXX_LANGUAGE_STANDARD = "gnu++14";
				CLANG_CXX_LIBRARY = "libc++";
				CLANG_ENABLE_MODULES = YES;
				CLANG_ENABLE_OBJC_ARC = YES;
				CLANG_ENABLE_OBJC_WEAK = YES;
				CLANG_WARN_BLOCK_CAPTURE_AUTORELEASING = YES;
				CLANG_WARN_BOOL_CONVERSION = YES;
				CLANG_WARN_COMMA = YES;
				CLANG_WARN_CONSTANT_CONVERSION = YES;
				CLANG_WARN_DEPRECATED_OBJC_IMPLEMENTATIONS = YES;
				CLANG_WARN_DIRECT_OBJC_ISA_USAGE = YES_ERROR;
				CLANG_WARN_DOCUMENTATION_COMMENTS = YES;
				CLANG_WARN_EMPTY_BODY = YES;
				CLANG_WARN_ENUM_CONVERSION = YES;
				CLANG_WARN_INFINITE_RECURSION = YES;
				CLANG_WARN_INT_CONVERSION = YES;
				CLANG_WARN_NON_LITERAL_NULL_CONVERSION = YES;
				CLANG_WARN_OBJC_IMPLICIT_RETAIN_SELF = YES;
				CLANG_WARN_OBJC_LITERAL_CONVERSION = YES;
				CLANG_WARN_OBJC_ROOT_CLASS = YES_ERROR;
				CLANG_WARN_QUOTED_INCLUDE_IN_FRAMEWORK_HEADER = YES;
				CLANG_WARN_RANGE_LOOP_ANALYSIS = YES;
				CLANG_WARN_STRICT_PROTOTYPES = YES;
				CLANG_WARN_SUSPICIOUS_MOVE = YES;
				CLANG_WARN_UNGUARDED_AVAILABILITY = YES_AGGRESSIVE;
				CLANG_WARN_UNREACHABLE_CODE = YES;
				CLANG_WARN__DUPLICATE_METHOD_MATCH = YES;
				CODE_SIGN_ENTITLEMENTS = YouCannotSleep/Resources/YouCannotSleep.entitlements;
				CODE_SIGN_INJECT_BASE_ENTITLEMENTS = NO;
				COPY_PHASE_STRIP = NO;
				DEBUG_INFORMATION_FORMAT = dwarf;
				ENABLE_APP_SANDBOX = YES;
				ENABLE_HARDENED_RUNTIME = YES;
				ENABLE_RESOURCE_ACCESS_AUDIO_INPUT = NO;
				ENABLE_RESOURCE_ACCESS_CAMERA = NO;
				ENABLE_RESOURCE_ACCESS_CONTACTS = NO;
				ENABLE_RESOURCE_ACCESS_LOCATION = NO;
				ENABLE_RESOURCE_ACCESS_PHOTO_LIBRARY = NO;
				ENABLE_RESOURCE_ACCESS_PRINTING = NO;
				ENABLE_RESOURCE_ACCESS_USB = NO;
				ENABLE_STRICT_OBJC_MSGSEND = YES;
				ENABLE_TESTABILITY = YES;
				GCC_C_LANGUAGE_STANDARD = gnu11;
				GCC_DYNAMIC_NO_PIC = NO;
				GCC_NO_COMMON_BLOCKS = YES;
				GCC_OPTIMIZATION_LEVEL = 0;
				GCC_PREPROCESSOR_DEFINITIONS = (
					"$(inherited)",
					"DEBUG=1",
				);
				GCC_WARN_64_TO_32_BIT_CONVERSION = YES;
				GCC_WARN_ABOUT_RETURN_TYPE = YES_ERROR;
				GCC_WARN_UNDECLARED_SELECTOR = YES;
				GCC_WARN_UNINITIALIZED_AUTOS = YES_AGGRESSIVE;
				GCC_WARN_UNUSED_FUNCTION = YES;
				GCC_WARN_UNUSED_VARIABLE = YES;
				GENERATE_INFOPLIST_FILE = YES;
				INFOPLIST_KEY_CFBundleDisplayName = "You Cannot Sleep";
				INFOPLIST_KEY_CFBundleShortVersionString = 1.0.3;
				INFOPLIST_KEY_LSUIElement = YES;
				INFOPLIST_KEY_NSHumanReadableCopyright = "Copyright © 2026 You Cannot Sleep contributors";
				MACOSX_DEPLOYMENT_TARGET = 13.0;
				MTL_ENABLE_DEBUG_INFO = INCLUDE_SOURCE;
				MTL_FAST_MATH = YES;
				ONLY_ACTIVE_ARCH = YES;
				PRODUCT_BUNDLE_IDENTIFIER = io.github.macfreeapps.YouCannotSleep;
				PRODUCT_NAME = "You Cannot Sleep";
				SDKROOT = macosx;
				SWIFT_ACTIVE_COMPILATION_CONDITIONS = DEBUG;
				SWIFT_EMIT_LOC_STRINGS = YES;
				SWIFT_OPTIMIZATION_LEVEL = "-Onone";
				SWIFT_STRICT_CONCURRENCY = complete;
				SWIFT_VERSION = 5.0;
			};
			name = Debug;
		};
/* End XCBuildConfiguration section */

/* Begin XCConfigurationList section */
		8333EA3742102FF0EAB1C943 /* Build configuration list for PBXProject "YouCannotSleep" */ = {
			isa = XCConfigurationList;
			buildConfigurations = (
				BDF8966B5BD674695BDC71F2 /* Debug */,
				59E73CE8A3ED03B295BDB3BF /* Release */,
			);
			defaultConfigurationIsVisible = 0;
			defaultConfigurationName = Debug;
		};
		98A54C91EC19798D4956ED56 /* Build configuration list for PBXNativeTarget "YouCannotSleep" */ = {
			isa = XCConfigurationList;
			buildConfigurations = (
				6922E28676FD4633599A6D91 /* Debug */,
				7B39C610C8B5AF9A392E73DD /* Release */,
			);
			defaultConfigurationIsVisible = 0;
			defaultConfigurationName = Debug;
		};
		A43689B88363D0D81561E491 /* Build configuration list for PBXNativeTarget "YouCannotSleepTests" */ = {
			isa = XCConfigurationList;
			buildConfigurations = (
				8F9C4B1A48F24CCBAB2A86E2 /* Debug */,
				60510CF73A08146F784EEC5A /* Release */,
			);
			defaultConfigurationIsVisible = 0;
			defaultConfigurationName = Debug;
		};
/* End XCConfigurationList section */
	};
	rootObject = 235BE93F8AE110A4D6AA98F2 /* Project object */;
}
